Microsoft Visual Studio Solution File, Format Version 9.00
# Visual Studio 2005
Project("{8BC9CEB8-8B4A-11D0-8D11-00A0C91BC942}") = "ZenLib", "Library\ZenLib.vcproj", "{0DA1DA7D-F393-4E7C-A7CE-CB5C6A67BC94}"
EndProject
Global
	GlobalSection(SolutionConfigurationPlatforms) = preSolution
		Release|Win32 = Release|Win32
	EndGlobalSection
	GlobalSection(ProjectConfigurationPlatforms) = postSolution
		{0DA1DA7D-F393-4E7C-A7CE-CB5C6A67BC94}.Release|Win32.ActiveCfg = Release|Win32
		{0DA1DA7D-F393-4E7C-A7CE-CB5C6A67BC94}.Release|Win32.Build.0 = Release|Win32
	EndGlobalSection
	GlobalSection(SolutionProperties) = preSolution
		HideSolutionNode = FALSE
	EndGlobalSection
EndGlobal
