
Microsoft Visual Studio Solution File, Format Version 12.00
# Visual Studio 2013
VisualStudioVersion = 12.0.31101.0
MinimumVisualStudioVersion = 10.0.40219.1
Project("{8BC9CEB8-8B4A-11D0-8D11-00A0C91BC942}") = "NeoLoader", "NeoLoader\NeoLoader.vcxproj", "{E948FF0D-9D80-4897-8890-FDA4FA5DFA22}"
	ProjectSection(ProjectDependencies) = postProject
		{09CF0F69-0052-4B1F-8F6A-EB9A854D2674} = {09CF0F69-0052-4B1F-8F6A-EB9A854D2674}
		{1D2AC29B-7917-41C9-870C-9A8D4161422A} = {1D2AC29B-7917-41C9-870C-9A8D4161422A}
		{5A1761AD-A0CA-4129-868D-9A47C83C2C51} = {5A1761AD-A0CA-4129-868D-9A47C83C2C51}
		{E1AF93F3-FC2D-4637-A543-2D34EF6F341D} = {E1AF93F3-FC2D-4637-A543-2D34EF6F341D}
	EndProjectSection
EndProject
Project("{8BC9CEB8-8B4A-11D0-8D11-00A0C91BC942}") = "NeoKad", "NeoKad\NeoKad.vcxproj", "{4AC3A0BC-E494-4C9D-9785-8483B1E33D0E}"
	ProjectSection(ProjectDependencies) = postProject
		{E1AF93F3-FC2D-4637-A543-2D34EF6F341D} = {E1AF93F3-FC2D-4637-A543-2D34EF6F341D}
	EndProjectSection
EndProject
Project("{8BC9CEB8-8B4A-11D0-8D11-00A0C91BC942}") = "NeoHelper", "Framework\NeoHelper\NeoHelper.vcxproj", "{FBB21F46-043C-4776-86B9-97FA875D593E}"
EndProject
Project("{8BC9CEB8-8B4A-11D0-8D11-00A0C91BC942}") = "MuleKad", "MuleKad\MuleKad.vcxproj", "{44D80321-2362-43FC-AB97-3062DBE6DB14}"
	ProjectSection(ProjectDependencies) = postProject
		{E1AF93F3-FC2D-4637-A543-2D34EF6F341D} = {E1AF93F3-FC2D-4637-A543-2D34EF6F341D}
	EndProjectSection
EndProject
Project("{8BC9CEB8-8B4A-11D0-8D11-00A0C91BC942}") = "qjson", "qjson\qjson\qjson.vcxproj", "{2BD6E09D-1CEF-46EE-A85F-D76A18C98B56}"
EndProject
Project("{8BC9CEB8-8B4A-11D0-8D11-00A0C91BC942}") = "qbencode", "qbencode\qbencode\qbencode.vcxproj", "{992095FC-1ECB-44A8-B384-FCDC0E50E1D0}"
EndProject
Project("{8BC9CEB8-8B4A-11D0-8D11-00A0C91BC942}") = "qtservice", "qtservice\qtservice\qtservice\qtservice.vcxproj", "{AD024598-C200-4ABC-8432-3079B647C1E3}"
EndProject
Project("{8BC9CEB8-8B4A-11D0-8D11-00A0C91BC942}") = "NeoScriptTools", "NeoScriptTools\NeoScriptTools.vcxproj", "{5A1761AD-A0CA-4129-868D-9A47C83C2C51}"
EndProject
Project("{8BC9CEB8-8B4A-11D0-8D11-00A0C91BC942}") = "NeoGUI", "NeoGUI\NeoGUI.vcxproj", "{09CF0F69-0052-4B1F-8F6A-EB9A854D2674}"
	ProjectSection(ProjectDependencies) = postProject
		{4A6C8C06-D961-4A9B-A79E-76ED38EA985A} = {4A6C8C06-D961-4A9B-A79E-76ED38EA985A}
		{7F6D2442-3BC4-4936-B75E-85A77B412A18} = {7F6D2442-3BC4-4936-B75E-85A77B412A18}
		{FBB21F46-043C-4776-86B9-97FA875D593E} = {FBB21F46-043C-4776-86B9-97FA875D593E}
		{2BD6E09D-1CEF-46EE-A85F-D76A18C98B56} = {2BD6E09D-1CEF-46EE-A85F-D76A18C98B56}
	EndProjectSection
EndProject
Project("{8BC9CEB8-8B4A-11D0-8D11-00A0C91BC942}") = "qwt", "qwt\qwt\qwt.vcxproj", "{7F6D2442-3BC4-4936-B75E-85A77B412A18}"
EndProject
Project("{8BC9CEB8-8B4A-11D0-8D11-00A0C91BC942}") = "MiniUPnP", "MiniUPnP\MiniUPnP.vcxproj", "{E1AF93F3-FC2D-4637-A543-2D34EF6F341D}"
EndProject
Project("{8BC9CEB8-8B4A-11D0-8D11-00A0C91BC942}") = "WebView", "WebView\WebView.vcxproj", "{98867CE4-D725-4E96-9670-6DDBC1DA140D}"
EndProject
Project("{2150E333-8FDC-42A3-9474-1A3956D46DE8}") = "Solution Items", "Solution Items", "{6247C2B9-9F0D-4B62-BDFF-933CDA52089B}"
EndProject
Project("{8BC9CEB8-8B4A-11D0-8D11-00A0C91BC942}") = "DHT", "DHT\DHT.vcxproj", "{1D2AC29B-7917-41C9-870C-9A8D4161422A}"
	ProjectSection(ProjectDependencies) = postProject
		{FBB21F46-043C-4776-86B9-97FA875D593E} = {FBB21F46-043C-4776-86B9-97FA875D593E}
	EndProjectSection
EndProject
Project("{8BC9CEB8-8B4A-11D0-8D11-00A0C91BC942}") = "qtftp", "qtftp\qtftp\qtftp.vcxproj", "{DEF98B59-232A-4E73-834F-C12876AA5CF4}"
EndProject
Project("{8BC9CEB8-8B4A-11D0-8D11-00A0C91BC942}") = "MediaPlayer", "MediaPlayer_5\MediaPlayer.vcxproj", "{4A6C8C06-D961-4A9B-A79E-76ED38EA985A}"
EndProject
Project("{8BC9CEB8-8B4A-11D0-8D11-00A0C91BC942}") = "qtsingleapp", "qtsingleapp\qtsingleapp\qtsingleapp\qtsingleapp.vcxproj", "{B12702AD-ABFB-343A-A199-8E24837244A3}"
EndProject
Project("{8BC9CEB8-8B4A-11D0-8D11-00A0C91BC942}") = "qtping", "qtping\qtping.vcxproj", "{1877F405-178A-4B41-A5FE-6BDC3466618C}"
EndProject
Global
	GlobalSection(SolutionConfigurationPlatforms) = preSolution
		Debug|Win32 = Debug|Win32
		Debug|x64 = Debug|x64
		Release|Win32 = Release|Win32
		Release|x64 = Release|x64
		Template|Win32 = Template|Win32
		Template|x64 = Template|x64
	EndGlobalSection
	GlobalSection(ProjectConfigurationPlatforms) = postSolution
		{E948FF0D-9D80-4897-8890-FDA4FA5DFA22}.Debug|Win32.ActiveCfg = Debug|Win32
		{E948FF0D-9D80-4897-8890-FDA4FA5DFA22}.Debug|Win32.Build.0 = Debug|Win32
		{E948FF0D-9D80-4897-8890-FDA4FA5DFA22}.Debug|x64.ActiveCfg = Debug|x64
		{E948FF0D-9D80-4897-8890-FDA4FA5DFA22}.Debug|x64.Build.0 = Debug|x64
		{E948FF0D-9D80-4897-8890-FDA4FA5DFA22}.Release|Win32.ActiveCfg = Release|Win32
		{E948FF0D-9D80-4897-8890-FDA4FA5DFA22}.Release|Win32.Build.0 = Release|Win32
		{E948FF0D-9D80-4897-8890-FDA4FA5DFA22}.Release|x64.ActiveCfg = Release|x64
		{E948FF0D-9D80-4897-8890-FDA4FA5DFA22}.Release|x64.Build.0 = Release|x64
		{E948FF0D-9D80-4897-8890-FDA4FA5DFA22}.Template|Win32.ActiveCfg = Template|Win32
		{E948FF0D-9D80-4897-8890-FDA4FA5DFA22}.Template|Win32.Build.0 = Template|Win32
		{E948FF0D-9D80-4897-8890-FDA4FA5DFA22}.Template|x64.ActiveCfg = Template|Win32
		{4AC3A0BC-E494-4C9D-9785-8483B1E33D0E}.Debug|Win32.ActiveCfg = Debug|Win32
		{4AC3A0BC-E494-4C9D-9785-8483B1E33D0E}.Debug|Win32.Build.0 = Debug|Win32
		{4AC3A0BC-E494-4C9D-9785-8483B1E33D0E}.Debug|x64.ActiveCfg = Debug|x64
		{4AC3A0BC-E494-4C9D-9785-8483B1E33D0E}.Debug|x64.Build.0 = Debug|x64
		{4AC3A0BC-E494-4C9D-9785-8483B1E33D0E}.Release|Win32.ActiveCfg = Release|Win32
		{4AC3A0BC-E494-4C9D-9785-8483B1E33D0E}.Release|Win32.Build.0 = Release|Win32
		{4AC3A0BC-E494-4C9D-9785-8483B1E33D0E}.Release|x64.ActiveCfg = Release|x64
		{4AC3A0BC-E494-4C9D-9785-8483B1E33D0E}.Release|x64.Build.0 = Release|x64
		{4AC3A0BC-E494-4C9D-9785-8483B1E33D0E}.Template|Win32.ActiveCfg = Template|Win32
		{4AC3A0BC-E494-4C9D-9785-8483B1E33D0E}.Template|Win32.Build.0 = Template|Win32
		{4AC3A0BC-E494-4C9D-9785-8483B1E33D0E}.Template|x64.ActiveCfg = Template|Win32
		{FBB21F46-043C-4776-86B9-97FA875D593E}.Debug|Win32.ActiveCfg = Debug|Win32
		{FBB21F46-043C-4776-86B9-97FA875D593E}.Debug|Win32.Build.0 = Debug|Win32
		{FBB21F46-043C-4776-86B9-97FA875D593E}.Debug|x64.ActiveCfg = Debug|x64
		{FBB21F46-043C-4776-86B9-97FA875D593E}.Debug|x64.Build.0 = Debug|x64
		{FBB21F46-043C-4776-86B9-97FA875D593E}.Release|Win32.ActiveCfg = Release|Win32
		{FBB21F46-043C-4776-86B9-97FA875D593E}.Release|Win32.Build.0 = Release|Win32
		{FBB21F46-043C-4776-86B9-97FA875D593E}.Release|x64.ActiveCfg = Release|x64
		{FBB21F46-043C-4776-86B9-97FA875D593E}.Release|x64.Build.0 = Release|x64
		{FBB21F46-043C-4776-86B9-97FA875D593E}.Template|Win32.ActiveCfg = Template|Win32
		{FBB21F46-043C-4776-86B9-97FA875D593E}.Template|Win32.Build.0 = Template|Win32
		{FBB21F46-043C-4776-86B9-97FA875D593E}.Template|x64.ActiveCfg = Template|Win32
		{44D80321-2362-43FC-AB97-3062DBE6DB14}.Debug|Win32.ActiveCfg = Debug|Win32
		{44D80321-2362-43FC-AB97-3062DBE6DB14}.Debug|Win32.Build.0 = Debug|Win32
		{44D80321-2362-43FC-AB97-3062DBE6DB14}.Debug|x64.ActiveCfg = Debug|x64
		{44D80321-2362-43FC-AB97-3062DBE6DB14}.Debug|x64.Build.0 = Debug|x64
		{44D80321-2362-43FC-AB97-3062DBE6DB14}.Release|Win32.ActiveCfg = Release|Win32
		{44D80321-2362-43FC-AB97-3062DBE6DB14}.Release|Win32.Build.0 = Release|Win32
		{44D80321-2362-43FC-AB97-3062DBE6DB14}.Release|x64.ActiveCfg = Release|x64
		{44D80321-2362-43FC-AB97-3062DBE6DB14}.Release|x64.Build.0 = Release|x64
		{44D80321-2362-43FC-AB97-3062DBE6DB14}.Template|Win32.ActiveCfg = Template|Win32
		{44D80321-2362-43FC-AB97-3062DBE6DB14}.Template|Win32.Build.0 = Template|Win32
		{44D80321-2362-43FC-AB97-3062DBE6DB14}.Template|x64.ActiveCfg = Template|Win32
		{2BD6E09D-1CEF-46EE-A85F-D76A18C98B56}.Debug|Win32.ActiveCfg = Debug|Win32
		{2BD6E09D-1CEF-46EE-A85F-D76A18C98B56}.Debug|Win32.Build.0 = Debug|Win32
		{2BD6E09D-1CEF-46EE-A85F-D76A18C98B56}.Debug|x64.ActiveCfg = Debug|x64
		{2BD6E09D-1CEF-46EE-A85F-D76A18C98B56}.Debug|x64.Build.0 = Debug|x64
		{2BD6E09D-1CEF-46EE-A85F-D76A18C98B56}.Release|Win32.ActiveCfg = Release|Win32
		{2BD6E09D-1CEF-46EE-A85F-D76A18C98B56}.Release|Win32.Build.0 = Release|Win32
		{2BD6E09D-1CEF-46EE-A85F-D76A18C98B56}.Release|x64.ActiveCfg = Release|x64
		{2BD6E09D-1CEF-46EE-A85F-D76A18C98B56}.Release|x64.Build.0 = Release|x64
		{2BD6E09D-1CEF-46EE-A85F-D76A18C98B56}.Template|Win32.ActiveCfg = Template|Win32
		{2BD6E09D-1CEF-46EE-A85F-D76A18C98B56}.Template|Win32.Build.0 = Template|Win32
		{2BD6E09D-1CEF-46EE-A85F-D76A18C98B56}.Template|x64.ActiveCfg = Template|Win32
		{992095FC-1ECB-44A8-B384-FCDC0E50E1D0}.Debug|Win32.ActiveCfg = Debug|Win32
		{992095FC-1ECB-44A8-B384-FCDC0E50E1D0}.Debug|Win32.Build.0 = Debug|Win32
		{992095FC-1ECB-44A8-B384-FCDC0E50E1D0}.Debug|x64.ActiveCfg = Debug|x64
		{992095FC-1ECB-44A8-B384-FCDC0E50E1D0}.Debug|x64.Build.0 = Debug|x64
		{992095FC-1ECB-44A8-B384-FCDC0E50E1D0}.Release|Win32.ActiveCfg = Release|Win32
		{992095FC-1ECB-44A8-B384-FCDC0E50E1D0}.Release|Win32.Build.0 = Release|Win32
		{992095FC-1ECB-44A8-B384-FCDC0E50E1D0}.Release|x64.ActiveCfg = Release|x64
		{992095FC-1ECB-44A8-B384-FCDC0E50E1D0}.Release|x64.Build.0 = Release|x64
		{992095FC-1ECB-44A8-B384-FCDC0E50E1D0}.Template|Win32.ActiveCfg = Template|Win32
		{992095FC-1ECB-44A8-B384-FCDC0E50E1D0}.Template|Win32.Build.0 = Template|Win32
		{992095FC-1ECB-44A8-B384-FCDC0E50E1D0}.Template|x64.ActiveCfg = Template|Win32
		{AD024598-C200-4ABC-8432-3079B647C1E3}.Debug|Win32.ActiveCfg = Debug|Win32
		{AD024598-C200-4ABC-8432-3079B647C1E3}.Debug|Win32.Build.0 = Debug|Win32
		{AD024598-C200-4ABC-8432-3079B647C1E3}.Debug|x64.ActiveCfg = Debug|x64
		{AD024598-C200-4ABC-8432-3079B647C1E3}.Debug|x64.Build.0 = Debug|x64
		{AD024598-C200-4ABC-8432-3079B647C1E3}.Release|Win32.ActiveCfg = Release|Win32
		{AD024598-C200-4ABC-8432-3079B647C1E3}.Release|Win32.Build.0 = Release|Win32
		{AD024598-C200-4ABC-8432-3079B647C1E3}.Release|x64.ActiveCfg = Release|x64
		{AD024598-C200-4ABC-8432-3079B647C1E3}.Release|x64.Build.0 = Release|x64
		{AD024598-C200-4ABC-8432-3079B647C1E3}.Template|Win32.ActiveCfg = Template|Win32
		{AD024598-C200-4ABC-8432-3079B647C1E3}.Template|Win32.Build.0 = Template|Win32
		{AD024598-C200-4ABC-8432-3079B647C1E3}.Template|x64.ActiveCfg = Template|Win32
		{5A1761AD-A0CA-4129-868D-9A47C83C2C51}.Debug|Win32.ActiveCfg = Debug|Win32
		{5A1761AD-A0CA-4129-868D-9A47C83C2C51}.Debug|Win32.Build.0 = Debug|Win32
		{5A1761AD-A0CA-4129-868D-9A47C83C2C51}.Debug|x64.ActiveCfg = Debug|x64
		{5A1761AD-A0CA-4129-868D-9A47C83C2C51}.Debug|x64.Build.0 = Debug|x64
		{5A1761AD-A0CA-4129-868D-9A47C83C2C51}.Release|Win32.ActiveCfg = Release|Win32
		{5A1761AD-A0CA-4129-868D-9A47C83C2C51}.Release|Win32.Build.0 = Release|Win32
		{5A1761AD-A0CA-4129-868D-9A47C83C2C51}.Release|x64.ActiveCfg = Release|x64
		{5A1761AD-A0CA-4129-868D-9A47C83C2C51}.Release|x64.Build.0 = Release|x64
		{5A1761AD-A0CA-4129-868D-9A47C83C2C51}.Template|Win32.ActiveCfg = Release|Win32
		{5A1761AD-A0CA-4129-868D-9A47C83C2C51}.Template|Win32.Build.0 = Release|Win32
		{5A1761AD-A0CA-4129-868D-9A47C83C2C51}.Template|x64.ActiveCfg = Release|Win32
		{09CF0F69-0052-4B1F-8F6A-EB9A854D2674}.Debug|Win32.ActiveCfg = Debug|Win32
		{09CF0F69-0052-4B1F-8F6A-EB9A854D2674}.Debug|Win32.Build.0 = Debug|Win32
		{09CF0F69-0052-4B1F-8F6A-EB9A854D2674}.Debug|x64.ActiveCfg = Debug|x64
		{09CF0F69-0052-4B1F-8F6A-EB9A854D2674}.Debug|x64.Build.0 = Debug|x64
		{09CF0F69-0052-4B1F-8F6A-EB9A854D2674}.Release|Win32.ActiveCfg = Release|Win32
		{09CF0F69-0052-4B1F-8F6A-EB9A854D2674}.Release|Win32.Build.0 = Release|Win32
		{09CF0F69-0052-4B1F-8F6A-EB9A854D2674}.Release|x64.ActiveCfg = Release|x64
		{09CF0F69-0052-4B1F-8F6A-EB9A854D2674}.Release|x64.Build.0 = Release|x64
		{09CF0F69-0052-4B1F-8F6A-EB9A854D2674}.Template|Win32.ActiveCfg = Release|Win32
		{09CF0F69-0052-4B1F-8F6A-EB9A854D2674}.Template|Win32.Build.0 = Release|Win32
		{09CF0F69-0052-4B1F-8F6A-EB9A854D2674}.Template|x64.ActiveCfg = Release|Win32
		{7F6D2442-3BC4-4936-B75E-85A77B412A18}.Debug|Win32.ActiveCfg = Debug|Win32
		{7F6D2442-3BC4-4936-B75E-85A77B412A18}.Debug|Win32.Build.0 = Debug|Win32
		{7F6D2442-3BC4-4936-B75E-85A77B412A18}.Debug|x64.ActiveCfg = Debug|x64
		{7F6D2442-3BC4-4936-B75E-85A77B412A18}.Debug|x64.Build.0 = Debug|x64
		{7F6D2442-3BC4-4936-B75E-85A77B412A18}.Release|Win32.ActiveCfg = Release|Win32
		{7F6D2442-3BC4-4936-B75E-85A77B412A18}.Release|Win32.Build.0 = Release|Win32
		{7F6D2442-3BC4-4936-B75E-85A77B412A18}.Release|x64.ActiveCfg = Release|x64
		{7F6D2442-3BC4-4936-B75E-85A77B412A18}.Release|x64.Build.0 = Release|x64
		{7F6D2442-3BC4-4936-B75E-85A77B412A18}.Template|Win32.ActiveCfg = Release|Win32
		{7F6D2442-3BC4-4936-B75E-85A77B412A18}.Template|Win32.Build.0 = Release|Win32
		{7F6D2442-3BC4-4936-B75E-85A77B412A18}.Template|x64.ActiveCfg = Release|Win32
		{E1AF93F3-FC2D-4637-A543-2D34EF6F341D}.Debug|Win32.ActiveCfg = Debug|Win32
		{E1AF93F3-FC2D-4637-A543-2D34EF6F341D}.Debug|Win32.Build.0 = Debug|Win32
		{E1AF93F3-FC2D-4637-A543-2D34EF6F341D}.Debug|x64.ActiveCfg = Debug|x64
		{E1AF93F3-FC2D-4637-A543-2D34EF6F341D}.Debug|x64.Build.0 = Debug|x64
		{E1AF93F3-FC2D-4637-A543-2D34EF6F341D}.Release|Win32.ActiveCfg = Release|Win32
		{E1AF93F3-FC2D-4637-A543-2D34EF6F341D}.Release|Win32.Build.0 = Release|Win32
		{E1AF93F3-FC2D-4637-A543-2D34EF6F341D}.Release|x64.ActiveCfg = Release|x64
		{E1AF93F3-FC2D-4637-A543-2D34EF6F341D}.Release|x64.Build.0 = Release|x64
		{E1AF93F3-FC2D-4637-A543-2D34EF6F341D}.Template|Win32.ActiveCfg = Release|Win32
		{E1AF93F3-FC2D-4637-A543-2D34EF6F341D}.Template|Win32.Build.0 = Release|Win32
		{E1AF93F3-FC2D-4637-A543-2D34EF6F341D}.Template|x64.ActiveCfg = Release|Win32
		{98867CE4-D725-4E96-9670-6DDBC1DA140D}.Debug|Win32.ActiveCfg = Debug|Win32
		{98867CE4-D725-4E96-9670-6DDBC1DA140D}.Debug|Win32.Build.0 = Debug|Win32
		{98867CE4-D725-4E96-9670-6DDBC1DA140D}.Debug|x64.ActiveCfg = Debug|x64
		{98867CE4-D725-4E96-9670-6DDBC1DA140D}.Debug|x64.Build.0 = Debug|x64
		{98867CE4-D725-4E96-9670-6DDBC1DA140D}.Release|Win32.ActiveCfg = Release|Win32
		{98867CE4-D725-4E96-9670-6DDBC1DA140D}.Release|Win32.Build.0 = Release|Win32
		{98867CE4-D725-4E96-9670-6DDBC1DA140D}.Release|x64.ActiveCfg = Release|x64
		{98867CE4-D725-4E96-9670-6DDBC1DA140D}.Release|x64.Build.0 = Release|x64
		{98867CE4-D725-4E96-9670-6DDBC1DA140D}.Template|Win32.ActiveCfg = Release|Win32
		{98867CE4-D725-4E96-9670-6DDBC1DA140D}.Template|Win32.Build.0 = Release|Win32
		{98867CE4-D725-4E96-9670-6DDBC1DA140D}.Template|x64.ActiveCfg = Release|Win32
		{1D2AC29B-7917-41C9-870C-9A8D4161422A}.Debug|Win32.ActiveCfg = Debug|Win32
		{1D2AC29B-7917-41C9-870C-9A8D4161422A}.Debug|Win32.Build.0 = Debug|Win32
		{1D2AC29B-7917-41C9-870C-9A8D4161422A}.Debug|x64.ActiveCfg = Debug|x64
		{1D2AC29B-7917-41C9-870C-9A8D4161422A}.Debug|x64.Build.0 = Debug|x64
		{1D2AC29B-7917-41C9-870C-9A8D4161422A}.Release|Win32.ActiveCfg = Release|Win32
		{1D2AC29B-7917-41C9-870C-9A8D4161422A}.Release|Win32.Build.0 = Release|Win32
		{1D2AC29B-7917-41C9-870C-9A8D4161422A}.Release|x64.ActiveCfg = Release|x64
		{1D2AC29B-7917-41C9-870C-9A8D4161422A}.Release|x64.Build.0 = Release|x64
		{1D2AC29B-7917-41C9-870C-9A8D4161422A}.Template|Win32.ActiveCfg = Release|Win32
		{1D2AC29B-7917-41C9-870C-9A8D4161422A}.Template|Win32.Build.0 = Release|Win32
		{1D2AC29B-7917-41C9-870C-9A8D4161422A}.Template|x64.ActiveCfg = Release|Win32
		{DEF98B59-232A-4E73-834F-C12876AA5CF4}.Debug|Win32.ActiveCfg = Debug|Win32
		{DEF98B59-232A-4E73-834F-C12876AA5CF4}.Debug|Win32.Build.0 = Debug|Win32
		{DEF98B59-232A-4E73-834F-C12876AA5CF4}.Debug|x64.ActiveCfg = Debug|x64
		{DEF98B59-232A-4E73-834F-C12876AA5CF4}.Debug|x64.Build.0 = Debug|x64
		{DEF98B59-232A-4E73-834F-C12876AA5CF4}.Release|Win32.ActiveCfg = Release|Win32
		{DEF98B59-232A-4E73-834F-C12876AA5CF4}.Release|Win32.Build.0 = Release|Win32
		{DEF98B59-232A-4E73-834F-C12876AA5CF4}.Release|x64.ActiveCfg = Release|x64
		{DEF98B59-232A-4E73-834F-C12876AA5CF4}.Release|x64.Build.0 = Release|x64
		{DEF98B59-232A-4E73-834F-C12876AA5CF4}.Template|Win32.ActiveCfg = Release|Win32
		{DEF98B59-232A-4E73-834F-C12876AA5CF4}.Template|Win32.Build.0 = Release|Win32
		{DEF98B59-232A-4E73-834F-C12876AA5CF4}.Template|x64.ActiveCfg = Release|Win32
		{4A6C8C06-D961-4A9B-A79E-76ED38EA985A}.Debug|Win32.ActiveCfg = Debug|Win32
		{4A6C8C06-D961-4A9B-A79E-76ED38EA985A}.Debug|Win32.Build.0 = Debug|Win32
		{4A6C8C06-D961-4A9B-A79E-76ED38EA985A}.Debug|x64.ActiveCfg = Debug|x64
		{4A6C8C06-D961-4A9B-A79E-76ED38EA985A}.Debug|x64.Build.0 = Debug|x64
		{4A6C8C06-D961-4A9B-A79E-76ED38EA985A}.Release|Win32.ActiveCfg = Release|Win32
		{4A6C8C06-D961-4A9B-A79E-76ED38EA985A}.Release|Win32.Build.0 = Release|Win32
		{4A6C8C06-D961-4A9B-A79E-76ED38EA985A}.Release|x64.ActiveCfg = Release|x64
		{4A6C8C06-D961-4A9B-A79E-76ED38EA985A}.Release|x64.Build.0 = Release|x64
		{4A6C8C06-D961-4A9B-A79E-76ED38EA985A}.Template|Win32.ActiveCfg = Release|Win32
		{4A6C8C06-D961-4A9B-A79E-76ED38EA985A}.Template|Win32.Build.0 = Release|Win32
		{4A6C8C06-D961-4A9B-A79E-76ED38EA985A}.Template|x64.ActiveCfg = Release|x64
		{4A6C8C06-D961-4A9B-A79E-76ED38EA985A}.Template|x64.Build.0 = Release|x64
		{B12702AD-ABFB-343A-A199-8E24837244A3}.Debug|Win32.ActiveCfg = Debug|Win32
		{B12702AD-ABFB-343A-A199-8E24837244A3}.Debug|Win32.Build.0 = Debug|Win32
		{B12702AD-ABFB-343A-A199-8E24837244A3}.Debug|x64.ActiveCfg = Debug|x64
		{B12702AD-ABFB-343A-A199-8E24837244A3}.Debug|x64.Build.0 = Debug|x64
		{B12702AD-ABFB-343A-A199-8E24837244A3}.Release|Win32.ActiveCfg = Release|Win32
		{B12702AD-ABFB-343A-A199-8E24837244A3}.Release|Win32.Build.0 = Release|Win32
		{B12702AD-ABFB-343A-A199-8E24837244A3}.Release|x64.ActiveCfg = Release|x64
		{B12702AD-ABFB-343A-A199-8E24837244A3}.Release|x64.Build.0 = Release|x64
		{B12702AD-ABFB-343A-A199-8E24837244A3}.Template|Win32.ActiveCfg = Release|Win32
		{B12702AD-ABFB-343A-A199-8E24837244A3}.Template|Win32.Build.0 = Release|Win32
		{B12702AD-ABFB-343A-A199-8E24837244A3}.Template|x64.ActiveCfg = Release|x64
		{B12702AD-ABFB-343A-A199-8E24837244A3}.Template|x64.Build.0 = Release|x64
		{1877F405-178A-4B41-A5FE-6BDC3466618C}.Debug|Win32.ActiveCfg = Debug|Win32
		{1877F405-178A-4B41-A5FE-6BDC3466618C}.Debug|Win32.Build.0 = Debug|Win32
		{1877F405-178A-4B41-A5FE-6BDC3466618C}.Debug|x64.ActiveCfg = Debug|x64
		{1877F405-178A-4B41-A5FE-6BDC3466618C}.Debug|x64.Build.0 = Debug|x64
		{1877F405-178A-4B41-A5FE-6BDC3466618C}.Release|Win32.ActiveCfg = Release|Win32
		{1877F405-178A-4B41-A5FE-6BDC3466618C}.Release|Win32.Build.0 = Release|Win32
		{1877F405-178A-4B41-A5FE-6BDC3466618C}.Release|x64.ActiveCfg = Release|x64
		{1877F405-178A-4B41-A5FE-6BDC3466618C}.Release|x64.Build.0 = Release|x64
		{1877F405-178A-4B41-A5FE-6BDC3466618C}.Template|Win32.ActiveCfg = Release|Win32
		{1877F405-178A-4B41-A5FE-6BDC3466618C}.Template|Win32.Build.0 = Release|Win32
		{1877F405-178A-4B41-A5FE-6BDC3466618C}.Template|x64.ActiveCfg = Release|x64
		{1877F405-178A-4B41-A5FE-6BDC3466618C}.Template|x64.Build.0 = Release|x64
	EndGlobalSection
	GlobalSection(SolutionProperties) = preSolution
		HideSolutionNode = FALSE
	EndGlobalSection
	GlobalSection(ExtensibilityGlobals) = postSolution
		Qt5Version = $(DefaultQtVersion)
	EndGlobalSection
	GlobalSection(Qt) = preSolution
		Integration = True
	EndGlobalSection
EndGlobal
