
Microsoft Visual Studio Solution File, Format Version 10.00
# Visual Studio 2008
Project("{8BC9CEB8-8B4A-11D0-8D11-00A0C91BC942}") = "qjson", "qjson.vcproj", "{2BD6E09D-1CEF-46EE-A85F-D76A18C98B56}"
EndProject
Global
	GlobalSection(SolutionConfigurationPlatforms) = preSolution
		Debug|Win32 = Debug|Win32
		Release|Win32 = Release|Win32
	EndGlobalSection
	GlobalSection(ProjectConfigurationPlatforms) = postSolution
		{2BD6E09D-1CEF-46EE-A85F-D76A18C98B56}.Debug|Win32.ActiveCfg = Debug|Win32
		{2BD6E09D-1CEF-46EE-A85F-D76A18C98B56}.Debug|Win32.Build.0 = Debug|Win32
		{2BD6E09D-1CEF-46EE-A85F-D76A18C98B56}.Release|Win32.ActiveCfg = Release|Win32
		{2BD6E09D-1CEF-46EE-A85F-D76A18C98B56}.Release|Win32.Build.0 = Release|Win32
	EndGlobalSection
	GlobalSection(SolutionProperties) = preSolution
		HideSolutionNode = FALSE
	EndGlobalSection
EndGlobal
